# This file is automatically @generated by Cargo.
# It is not intended for manual editing.
version = 4

[[package]]
name = "ahash"
version = "0.8.12"
source = "registry+https://github.com/rust-lang/crates.io-index"
checksum = "5a15f179cd60c4584b8a8c596927aadc462e27f2ca70c04e0071964a73ba7a75"
dependencies = [
 "cfg-if",
 "once_cell",
 "version_check",
 "zerocopy",
]

[[package]]
name = "ai_diag"
version = "0.1.0"
dependencies = [
 "diagnostics",
]

[[package]]
name = "allocator-api2"
version = "0.2.21"
source = "registry+https://github.com/rust-lang/crates.io-index"
checksum = "683d7910e743518b0e34f1186f92494becacb047c7b6bf616c96772180fef923"

[[package]]
name = "analytics_audit"
version = "0.1.0"
dependencies = [
 "crypto_suite",
 "dependency_guard",
 "foundation_serialization",
]

[[package]]
name = "arbitrary"
version = "1.4.2"
source = "registry+https://github.com/rust-lang/crates.io-index"
checksum = "c3d036a3c4ab069c7b410a2ce876bd74808d2d0888a82667669f8e783a898bf1"
dependencies = [
 "derive_arbitrary",
]

[[package]]
name = "auto-profile"
version = "0.1.0"
dependencies = [
 "crypto_suite",
 "dependency_guard",
 "foundation_profiler",
]

[[package]]
name = "autocfg"
version = "1.5.0"
source = "registry+https://github.com/rust-lang/crates.io-index"
checksum = "c08606f8c3cbf4ce6ec8e28fb0014a2c086708fe954eaa885384a6165172e7e8"

[[package]]
name = "base64_fp"
version = "0.1.0"

[[package]]
name = "bench-harness"
version = "0.1.0"
dependencies = [
 "cli_core",
 "coding",
 "dependency_guard",
 "diagnostics",
 "foundation_serialization",
 "rand",
 "sys",
]

[[package]]
name = "bitflags"
version = "1.3.2"
source = "registry+https://github.com/rust-lang/crates.io-index"
checksum = "bef38d45163c2f1dde094a7dfd33ccf595c92905c8f8f4fdc18d06fb1037718a"

[[package]]
name = "bitflags"
version = "2.9.4"
source = "registry+https://github.com/rust-lang/crates.io-index"
checksum = "2261d10cca569e4643e526d8dc2e62e433cc8aba21ab764233731f8d369bf394"

[[package]]
name = "bridges"
version = "0.1.0"
dependencies = [
 "concurrency",
 "crypto_suite",
 "dex",
 "foundation_serde",
 "foundation_serialization",
 "ledger",
 "runtime",
 "sys",
]

[[package]]
name = "bytemuck"
version = "1.24.0"
source = "registry+https://github.com/rust-lang/crates.io-index"
checksum = "1fbdf580320f38b612e485521afda1ee26d10cc9884efaaa750d383e13e3c5f4"

[[package]]
name = "byteorder"
version = "1.5.0"
source = "registry+https://github.com/rust-lang/crates.io-index"
checksum = "1fd0f2584146f6f2ef48085050886acf353beff7305ebd1ae69500e27c67f64b"

[[package]]
name = "cc"
version = "1.2.41"
source = "registry+https://github.com/rust-lang/crates.io-index"
checksum = "ac9fe6cdbb24b6ade63616c0a0688e45bb56732262c158df3c0c4bea4ca47cb7"
dependencies = [
 "find-msvc-tools",
 "jobserver",
 "libc",
 "shlex",
]

[[package]]
name = "cfg-if"
version = "1.0.3"
source = "registry+https://github.com/rust-lang/crates.io-index"
checksum = "2fd1289c04a9ea8cb22300a459a72a385d7c73d3259e2ed7dcb2af674838cfa9"

[[package]]
name = "checked_int_cast"
version = "1.0.0"
source = "registry+https://github.com/rust-lang/crates.io-index"
checksum = "17cc5e6b5ab06331c33589842070416baa137e8b0eb912b008cfd4a78ada7919"

[[package]]
name = "cli_core"
version = "0.1.0"
dependencies = [
 "foundation_serde",
 "thiserror",
]

[[package]]
name = "codec"
version = "0.1.0"
dependencies = [
 "foundation_metrics",
 "foundation_serde",
 "foundation_serialization",
 "thiserror",
]

[[package]]
name = "coding"
version = "0.1.0"
dependencies = [
 "base64_fp",
 "crypto",
 "foundation_serde",
 "foundation_serialization",
 "sys",
 "thiserror",
]

[[package]]
name = "color_quant"
version = "1.1.0"
source = "registry+https://github.com/rust-lang/crates.io-index"
checksum = "3d7b894f5411737b7867f4827955924d7c254fc9f4d91a6aad6b097804b1018b"

[[package]]
name = "concurrency"
version = "0.1.0"
dependencies = [
 "foundation_serde",
]

[[package]]
name = "contract-cli"
version = "0.1.0"
dependencies = [
 "base64_fp",
 "bridges",
 "cli_core",
 "codec",
 "coding",
 "crypto",
 "crypto_suite",
 "dependency_guard",
 "dex",
 "diagnostics",
 "dkg",
 "foundation_lazy",
 "foundation_serde",
 "foundation_serialization",
 "foundation_time",
 "foundation_tls",
 "foundation_tui",
 "foundation_unicode",
 "governance",
 "http_env",
 "httpd",
 "light-client",
 "log_index",
 "rand",
 "runtime",
 "state",
 "storage",
 "sys",
 "testkit",
 "the_block",
 "wallet",
]

[[package]]
name = "crc32fast"
version = "1.5.0"
source = "registry+https://github.com/rust-lang/crates.io-index"
checksum = "9481c1c90cbf2ac953f07c8d4a58aa3945c425b7185c9154d67a65e4230da511"
dependencies = [
 "cfg-if",
]

[[package]]
name = "crossbeam-epoch"
version = "0.9.18"
source = "registry+https://github.com/rust-lang/crates.io-index"
checksum = "5b82ac4a3c2ca9c3460964f020e1402edd5753411d7737aa39c3714ad1b5420e"
dependencies = [
 "crossbeam-utils",
]

[[package]]
name = "crossbeam-utils"
version = "0.8.21"
source = "registry+https://github.com/rust-lang/crates.io-index"
checksum = "d0a5c400df2834b80a4c3327b3aad3a4c4cd4de0629063962b03235697506a28"

[[package]]
name = "crypto"
version = "0.1.0"
dependencies = [
 "base64_fp",
 "crypto_suite",
 "pqcrypto-dilithium",
 "sys",
]

[[package]]
name = "crypto_suite"
version = "0.1.0"
dependencies = [
 "codec",
 "foundation_bigint",
 "foundation_lazy",
 "foundation_serde",
 "foundation_serialization",
 "rand",
 "testkit",
 "thiserror",
]

[[package]]
name = "dependency_guard"
version = "0.1.0"

[[package]]
name = "dependency_registry"
version = "0.1.0"
dependencies = [
 "cli_core",
 "concurrency",
 "dependency_guard",
 "diagnostics",
 "foundation_serialization",
 "foundation_time",
 "runtime",
 "sys",
]

[[package]]
name = "derive_arbitrary"
version = "1.4.2"
source = "registry+https://github.com/rust-lang/crates.io-index"
checksum = "1e567bd82dcff979e4b03460c307b3cdc9e96fde3d73bed1496d2bc75d9dd62a"
dependencies = [
 "proc-macro2",
 "quote",
 "syn",
]

[[package]]
name = "dex"
version = "0.1.0"
dependencies = [
 "crypto_suite",
 "foundation_serde",
 "foundation_serialization",
 "testkit",
]

[[package]]
name = "diagnostics"
version = "0.1.0"
dependencies = [
 "codec",
]

[[package]]
name = "dkg"
version = "0.1.0"
dependencies = [
 "rand",
]

[[package]]
name = "dual-key-migrate"
version = "0.1.0"
dependencies = [
 "crypto",
 "dependency_guard",
 "foundation_serialization",
]

[[package]]
name = "explorer"
version = "0.1.0"
dependencies = [
 "codec",
 "concurrency",
 "crypto_suite",
 "diagnostics",
 "foundation_serde",
 "foundation_serialization",
 "foundation_sqlite",
 "http_env",
 "httpd",
 "rand",
 "runtime",
 "storage",
 "sys",
 "testkit",
 "the_block",
]

[[package]]
name = "fallible-iterator"
version = "0.3.0"
source = "registry+https://github.com/rust-lang/crates.io-index"
checksum = "2acce4a10f12dc2fb14a218589d4f1f62ef011b2d0cc4b3cb1bba8e94da14649"

[[package]]
name = "fallible-streaming-iterator"
version = "0.1.9"
source = "registry+https://github.com/rust-lang/crates.io-index"
checksum = "7360491ce676a36bf9bb3c56c1aa791658183a54d2744120f27285738d90465a"

[[package]]
name = "find-msvc-tools"
version = "0.1.4"
source = "registry+https://github.com/rust-lang/crates.io-index"
checksum = "52051878f80a721bb68ebfbc930e07b65ba72f2da88968ea5c06fd6ca3d3a127"

[[package]]
name = "foundation_archive"
version = "0.1.0"

[[package]]
name = "foundation_async"
version = "0.1.0"

[[package]]
name = "foundation_bigint"
version = "0.1.0"

[[package]]
name = "foundation_lazy"
version = "0.1.0"

[[package]]
name = "foundation_math"
version = "0.1.0"

[[package]]
name = "foundation_metrics"
version = "0.1.0"

[[package]]
name = "foundation_profiler"
version = "0.1.0"

[[package]]
name = "foundation_regex"
version = "0.1.0"

[[package]]
name = "foundation_rpc"
version = "0.1.0"
dependencies = [
 "foundation_serde",
 "foundation_serialization",
 "httpd",
 "thiserror",
]

[[package]]
name = "foundation_serde"
version = "0.1.0"
dependencies = [
 "foundation_serde_derive",
 "serde",
]

[[package]]
name = "foundation_serde_derive"
version = "0.1.0"

[[package]]
name = "foundation_serialization"
version = "0.1.0"
dependencies = [
 "foundation_serde",
]

[[package]]
name = "foundation_sqlite"
version = "0.1.0"
dependencies = [
 "rusqlite",
]

[[package]]
name = "foundation_telemetry"
version = "0.1.0"
dependencies = [
 "foundation_serde",
 "foundation_serialization",
]

[[package]]
name = "foundation_time"
version = "0.1.0"

[[package]]
name = "foundation_tls"
version = "0.1.0"
dependencies = [
 "base64_fp",
 "crypto_suite",
 "foundation_time",
 "rand",
 "thiserror",
]

[[package]]
name = "foundation_tui"
version = "0.1.0"
dependencies = [
 "sys",
]

[[package]]
name = "foundation_unicode"
version = "0.1.0"

[[package]]
name = "fs2"
version = "0.4.3"
source = "registry+https://github.com/rust-lang/crates.io-index"
checksum = "9564fc758e15025b46aa6643b1b77d047d1a56a1aea6e01002ac0c7026876213"
dependencies = [
 "libc",
 "winapi",
]

[[package]]
name = "fxhash"
version = "0.2.1"
source = "registry+https://github.com/rust-lang/crates.io-index"
checksum = "c31b6d751ae2c7f11320402d34e41349dd1016f8d5d45e48c4312bc8625af50c"
dependencies = [
 "byteorder",
]

[[package]]
name = "gateway-fuzz"
version = "0.0.0"
dependencies = [
 "libfuzzer-sys",
 "the_block",
]

[[package]]
name = "getrandom"
version = "0.3.3"
source = "registry+https://github.com/rust-lang/crates.io-index"
checksum = "26145e563e54f2cadc477553f1ec5ee650b00862f0a58bcd12cbdc5f0ea2d2f4"
dependencies = [
 "cfg-if",
 "libc",
 "r-efi",
 "wasi",
]

[[package]]
name = "gov-graph"
version = "0.1.0"
dependencies = [
 "dependency_guard",
 "foundation_serde",
 "foundation_serialization",
 "the_block",
]

[[package]]
name = "governance"
version = "0.1.0"
dependencies = [
 "foundation_lazy",
 "foundation_math",
 "foundation_serde",
 "foundation_serialization",
 "rand",
 "sled 0.34.0",
 "sys",
]

[[package]]
name = "hashbrown"
version = "0.14.5"
source = "registry+https://github.com/rust-lang/crates.io-index"
checksum = "e5274423e17b7c9fc20b6e7e208532f9b19825d82dfd615708b70edd83df41f1"
dependencies = [
 "ahash",
 "allocator-api2",
]

[[package]]
name = "hashlink"
version = "0.8.4"
source = "registry+https://github.com/rust-lang/crates.io-index"
checksum = "e8094feaf31ff591f651a2664fb9cfd92bba7a60ce3197265e9482ebe753c8f7"
dependencies = [
 "hashbrown",
]

[[package]]
name = "histogram_fp"
version = "0.1.0"

[[package]]
name = "http_env"
version = "0.1.0"
dependencies = [
 "base64_fp",
 "crypto_suite",
 "diagnostics",
 "httpd",
 "rand",
]

[[package]]
name = "httpd"
version = "0.1.0"
dependencies = [
 "base64_fp",
 "crypto_suite",
 "diagnostics",
 "foundation_regex",
 "foundation_serialization",
 "foundation_tls",
 "rand",
 "runtime",
 "sys",
]

[[package]]
name = "image"
version = "0.23.14"
source = "registry+https://github.com/rust-lang/crates.io-index"
checksum = "24ffcb7e7244a9bf19d35bf2883b9c080c4ced3c07a9895572178cdb8f13f6a1"
dependencies = [
 "bytemuck",
 "byteorder",
 "color_quant",
 "num-iter",
 "num-rational",
 "num-traits",
]

[[package]]
name = "indexer"
version = "0.1.0"
dependencies = [
 "cli_core",
 "dependency_guard",
 "foundation_serialization",
 "foundation_sqlite",
 "http_env",
 "httpd",
 "runtime",
 "sys",
 "the_block",
]

[[package]]
name = "inflation"
version = "0.1.0"
dependencies = [
 "crypto_suite",
 "foundation_serde",
 "foundation_serialization",
 "rand",
]

[[package]]
name = "installer"
version = "0.1.0"
dependencies = [
 "cli_core",
 "crypto_suite",
 "dependency_guard",
 "diagnostics",
 "foundation_archive",
]

[[package]]
name = "instant"
version = "0.1.13"
source = "registry+https://github.com/rust-lang/crates.io-index"
checksum = "e0242819d153cba4b4b05a5a8f2a7e9bbf97b6055b2a002b395c96b5ff3c0222"
dependencies = [
 "cfg-if",
]

[[package]]
name = "jobserver"
version = "0.1.34"
source = "registry+https://github.com/rust-lang/crates.io-index"
checksum = "9afb3de4395d6b3e67a780b6de64b51c978ecf11cb9a462c66be7d4ca9039d33"
dependencies = [
 "getrandom",
 "libc",
]

[[package]]
name = "jurisdiction"
version = "0.1.0"
dependencies = [
 "base64_fp",
 "crypto_suite",
 "foundation_lazy",
 "foundation_serde",
 "foundation_serialization",
 "http_env",
 "httpd",
 "log",
 "pqcrypto-kyber",
 "sys",
]

[[package]]
name = "ledger"
version = "0.1.0"
dependencies = [
 "cli_core",
 "crypto_suite",
 "foundation_serde",
 "foundation_serialization",
 "storage_engine",
]

[[package]]
name = "libc"
version = "0.2.177"
source = "registry+https://github.com/rust-lang/crates.io-index"
checksum = "2874a2af47a2325c2001a6e6fad9b16a53b802102b528163885171cf92b15976"

[[package]]
name = "libfuzzer-sys"
version = "0.4.10"
source = "registry+https://github.com/rust-lang/crates.io-index"
checksum = "5037190e1f70cbeef565bd267599242926f724d3b8a9f510fd7e0b540cfa4404"
dependencies = [
 "arbitrary",
 "cc",
]

[[package]]
name = "libsqlite3-sys"
version = "0.27.0"
source = "registry+https://github.com/rust-lang/crates.io-index"
checksum = "cf4e226dcd58b4be396f7bd3c20da8fdee2911400705297ba7d2d7cc2c30f716"
dependencies = [
 "cc",
 "pkg-config",
 "vcpkg",
]

[[package]]
name = "light-client"
version = "0.1.0"
dependencies = [
 "coding",
 "crypto_suite",
 "diagnostics",
 "foundation_archive",
 "foundation_lazy",
 "foundation_serde",
 "foundation_serialization",
 "rand",
 "runtime",
 "state",
 "sys",
 "thiserror",
]

[[package]]
name = "lock_api"
version = "0.4.14"
source = "registry+https://github.com/rust-lang/crates.io-index"
checksum = "224399e74b87b5f3557511d98dff8b14089b3dadafcab6bb93eab67d3aace965"
dependencies = [
 "scopeguard",
]

[[package]]
name = "log"
version = "0.4.28"
source = "registry+https://github.com/rust-lang/crates.io-index"
checksum = "34080505efa8e45a4b816c349525ebe327ceaa8559756f0356cba97ef3bf7432"

[[package]]
name = "log-indexer-cli"
version = "0.1.0"
dependencies = [
 "cli_core",
 "dependency_guard",
 "log_index",
]

[[package]]
name = "log_index"
version = "0.1.0"
dependencies = [
 "base64_fp",
 "coding",
 "crypto_suite",
 "foundation_serde",
 "foundation_serialization",
 "foundation_sqlite",
 "sled 0.34.0",
 "thiserror",
]

[[package]]
name = "metrics-aggregator"
version = "0.1.0"
dependencies = [
 "concurrency",
 "crypto_suite",
 "dependency_guard",
 "diagnostics",
 "foundation_metrics",
 "foundation_serialization",
 "foundation_telemetry",
 "foundation_time",
 "http_env",
 "httpd",
 "rand",
 "runtime",
 "storage_engine",
 "sys",
 "tls_warning",
]

[[package]]
name = "net-fuzz"
version = "0.0.0"
dependencies = [
 "libfuzzer-sys",
 "p2p_overlay",
]

[[package]]
name = "num-integer"
version = "0.1.46"
source = "registry+https://github.com/rust-lang/crates.io-index"
checksum = "7969661fd2958a5cb096e56c8e1ad0444ac2bbcd0061bd28660485a44879858f"
dependencies = [
 "num-traits",
]

[[package]]
name = "num-iter"
version = "0.1.45"
source = "registry+https://github.com/rust-lang/crates.io-index"
checksum = "1429034a0490724d0075ebb2bc9e875d6503c3cf69e235a8941aa757d83ef5bf"
dependencies = [
 "autocfg",
 "num-integer",
 "num-traits",
]

[[package]]
name = "num-rational"
version = "0.3.2"
source = "registry+https://github.com/rust-lang/crates.io-index"
checksum = "12ac428b1cb17fce6f731001d307d351ec70a6d202fc2e60f7d4c5e42d8f4f07"
dependencies = [
 "autocfg",
 "num-integer",
 "num-traits",
]

[[package]]
name = "num-traits"
version = "0.2.19"
source = "registry+https://github.com/rust-lang/crates.io-index"
checksum = "071dfc062690e90b734c0b2273ce72ad0ffa95f0c74596bc250dcfd960262841"
dependencies = [
 "autocfg",
]

[[package]]
name = "once_cell"
version = "1.21.3"
source = "registry+https://github.com/rust-lang/crates.io-index"
checksum = "42f5e15c9953c5e4ccceeb2e7382a716482c34515315f7b03532b8b4e8393d2d"

[[package]]
name = "p2p_overlay"
version = "0.1.0"
dependencies = [
 "crypto_suite",
 "foundation_serde",
 "foundation_serialization",
 "sys",
]

[[package]]
name = "parking_lot"
version = "0.11.2"
source = "registry+https://github.com/rust-lang/crates.io-index"
checksum = "7d17b78036a60663b797adeaee46f5c9dfebb86948d1255007a1d6be0271ff99"
dependencies = [
 "instant",
 "lock_api",
 "parking_lot_core",
]

[[package]]
name = "parking_lot_core"
version = "0.8.6"
source = "registry+https://github.com/rust-lang/crates.io-index"
checksum = "60a2cfe6f0ad2bfc16aefa463b497d5c7a5ecd44a23efa72aa342d90177356dc"
dependencies = [
 "cfg-if",
 "instant",
 "libc",
 "redox_syscall",
 "smallvec",
 "winapi",
]

[[package]]
name = "pin-project-lite"
version = "0.2.16"
source = "registry+https://github.com/rust-lang/crates.io-index"
checksum = "3b3cff922bd51709b605d9ead9aa71031d81447142d828eb4a6eba76fe619f9b"

[[package]]
name = "pkg-config"
version = "0.3.32"
source = "registry+https://github.com/rust-lang/crates.io-index"
checksum = "7edddbd0b52d732b21ad9a5fab5c704c14cd949e5e9a1ec5929a24fded1b904c"

[[package]]
name = "pqcrypto-dilithium"
version = "0.1.0"
dependencies = [
 "crypto_suite",
 "sys",
 "thiserror",
]

[[package]]
name = "pqcrypto-kyber"
version = "0.1.0"
dependencies = [
 "crypto_suite",
 "sys",
 "thiserror",
]

[[package]]
name = "privacy"
version = "0.1.0"
dependencies = [
 "crypto_suite",
]

[[package]]
name = "probe"
version = "0.1.0"
dependencies = [
 "cli_core",
 "foundation_serialization",
 "http_env",
 "httpd",
 "thiserror",
]

[[package]]
name = "proc-macro2"
version = "1.0.101"
source = "registry+https://github.com/rust-lang/crates.io-index"
checksum = "89ae43fd86e4158d6db51ad8e2b80f313af9cc74f5c0e03ccb87de09998732de"
dependencies = [
 "unicode-ident",
]

[[package]]
name = "provenance-verify"
version = "0.1.0"
dependencies = [
 "crypto_suite",
 "dependency_guard",
]

[[package]]
name = "python_bridge"
version = "0.1.0"

[[package]]
name = "qrcode"
version = "0.12.0"
source = "registry+https://github.com/rust-lang/crates.io-index"
checksum = "16d2f1455f3630c6e5107b4f2b94e74d76dea80736de0981fd27644216cff57f"
dependencies = [
 "checked_int_cast",
 "image",
]

[[package]]
name = "quote"
version = "1.0.41"
source = "registry+https://github.com/rust-lang/crates.io-index"
checksum = "ce25767e7b499d1b604768e7cde645d14cc8584231ea6b295e9c9eb22c02e1d1"
dependencies = [
 "proc-macro2",
]

[[package]]
name = "r-efi"
version = "5.3.0"
source = "registry+https://github.com/rust-lang/crates.io-index"
checksum = "69cdb34c158ceb288df11e18b4bd39de994f6657d83847bdffdbd7f346754b0f"

[[package]]
name = "rand"
version = "0.1.0"
dependencies = [
 "rand_core",
]

[[package]]
name = "rand_core"
version = "0.1.0"

[[package]]
name = "redox_syscall"
version = "0.2.16"
source = "registry+https://github.com/rust-lang/crates.io-index"
checksum = "fb5a58c1855b4b6819d59012155603f0b22ad30cad752600aadfcb695265519a"
dependencies = [
 "bitflags 1.3.2",
]

[[package]]
name = "release_notes"
version = "0.1.0"
dependencies = [
 "cli_core",
 "dependency_guard",
 "diagnostics",
 "foundation_serialization",
]

[[package]]
name = "release_tests"
version = "0.1.0"
dependencies = [
 "dependency_guard",
 "sys",
]

[[package]]
name = "remote-signer"
version = "0.1.0"
dependencies = [
 "cli_core",
 "dependency_guard",
 "foundation_serialization",
 "qrcode",
 "wallet",
]

[[package]]
name = "runtime"
version = "0.1.0"
dependencies = [
 "base64_fp",
 "concurrency",
 "crypto_suite",
 "foundation_async",
 "foundation_metrics",
 "rand",
 "sys",
 "windows-sys",
]

[[package]]
name = "rusqlite"
version = "0.30.0"
source = "registry+https://github.com/rust-lang/crates.io-index"
checksum = "a78046161564f5e7cd9008aff3b2990b3850dc8e0349119b98e8f251e099f24d"
dependencies = [
 "bitflags 2.9.4",
 "fallible-iterator",
 "fallible-streaming-iterator",
 "hashlink",
 "libsqlite3-sys",
 "smallvec",
]

[[package]]
name = "scopeguard"
version = "1.2.0"
source = "registry+https://github.com/rust-lang/crates.io-index"
checksum = "94143f37725109f92c262ed2cf5e59bce7498c01bcc1502d7b9afe439a4e9f49"

[[package]]
name = "serde"
version = "1.0.228"
source = "registry+https://github.com/rust-lang/crates.io-index"
checksum = "9a8e94ea7f378bd32cbbd37198a4a91436180c5bb472411e48b5ec2e2124ae9e"
dependencies = [
 "serde_core",
 "serde_derive",
]

[[package]]
name = "serde_core"
version = "1.0.228"
source = "registry+https://github.com/rust-lang/crates.io-index"
checksum = "41d385c7d4ca58e59fc732af25c3983b67ac852c1a25000afe1175de458b67ad"
dependencies = [
 "serde_derive",
]

[[package]]
name = "serde_derive"
version = "1.0.228"
source = "registry+https://github.com/rust-lang/crates.io-index"
checksum = "d540f220d3187173da220f885ab66608367b6574e925011a9353e4badda91d79"
dependencies = [
 "proc-macro2",
 "quote",
 "syn",
]

[[package]]
name = "shlex"
version = "1.3.0"
source = "registry+https://github.com/rust-lang/crates.io-index"
checksum = "0fda2ff0d084019ba4d7c6f371c95d8fd75ce3524c3cb8fb653a3023f6323e64"

[[package]]
name = "sled"
version = "0.34.0"
dependencies = [
 "crypto_suite",
 "foundation_lazy",
 "sled 0.34.7",
 "storage_engine",
 "sys",
 "thiserror",
]

[[package]]
name = "sled"
version = "0.34.7"
source = "registry+https://github.com/rust-lang/crates.io-index"
checksum = "7f96b4737c2ce5987354855aed3797279def4ebf734436c6aa4552cf8e169935"
dependencies = [
 "crc32fast",
 "crossbeam-epoch",
 "crossbeam-utils",
 "fs2",
 "fxhash",
 "libc",
 "log",
 "parking_lot",
]

[[package]]
name = "smallvec"
version = "1.15.1"
source = "registry+https://github.com/rust-lang/crates.io-index"
checksum = "67b1b7a3b5fe4f1376887184045fcf45c69e92af734b7aaddc05fb777b6fbd03"

[[package]]
name = "state"
version = "0.1.0"
dependencies = [
 "crypto_suite",
 "dependency_guard",
 "storage_engine",
 "sys",
 "thiserror",
]

[[package]]
name = "static_assertions"
version = "1.1.0"
source = "registry+https://github.com/rust-lang/crates.io-index"
checksum = "a2eb9349b6444b326872e140eb1cf5e7c522154d69e7a0ffb0fb81c06b37543f"

[[package]]
name = "storage"
version = "0.1.0"
dependencies = [
 "crypto_suite",
 "foundation_serde",
 "foundation_serialization",
 "sys",
 "the_block",
 "thiserror",
]

[[package]]
name = "storage_engine"
version = "0.1.0"
dependencies = [
 "base64_fp",
 "dependency_guard",
]

[[package]]
name = "storage_migrate"
version = "0.1.0"
dependencies = [
 "crypto_suite",
 "dependency_guard",
 "storage_engine",
]

[[package]]
name = "syn"
version = "2.0.106"
source = "registry+https://github.com/rust-lang/crates.io-index"
checksum = "ede7c438028d4436d71104916910f5bb611972c5cfd7f89b8300a8186e6fada6"
dependencies = [
 "proc-macro2",
 "quote",
 "unicode-ident",
]

[[package]]
name = "sys"
version = "0.1.0"
dependencies = [
 "crypto_suite",
 "windows-sys",
]

[[package]]
name = "tb-debugger"
version = "0.1.0"
dependencies = [
 "cli_core",
 "crypto_suite",
 "dependency_guard",
 "the_block",
]

[[package]]
name = "tb-sim"
version = "0.1.0"
dependencies = [
 "cli_core",
 "codec",
 "coding",
 "crypto_suite",
 "dex",
 "diagnostics",
 "dkg",
 "explorer",
 "foundation_lazy",
 "foundation_serde",
 "foundation_serialization",
 "ledger",
 "light-client",
 "p2p_overlay",
 "rand",
 "runtime",
 "storage_engine",
 "sys",
 "the_block",
 "thiserror",
 "transport",
]

[[package]]
name = "testkit"
version = "0.1.0"
dependencies = [
 "testkit_macros",
]

[[package]]
name = "testkit_macros"
version = "0.1.0"

[[package]]
name = "the-block-fuzz"
version = "0.0.0"
dependencies = [
 "arbitrary",
 "crypto_suite",
 "foundation_serialization",
 "libfuzzer-sys",
 "sys",
 "the_block",
]

[[package]]
name = "the_block"
version = "0.1.0"
dependencies = [
 "base64_fp",
 "bridges",
 "cli_core",
 "codec",
 "coding",
 "concurrency",
 "crypto",
 "crypto_suite",
 "dependency_guard",
 "dex",
 "diagnostics",
 "dkg",
 "foundation_archive",
 "foundation_math",
 "foundation_metrics",
 "foundation_profiler",
 "foundation_regex",
 "foundation_rpc",
 "foundation_serde",
 "foundation_serialization",
 "foundation_sqlite",
 "foundation_telemetry",
 "foundation_time",
 "foundation_tls",
 "foundation_tui",
 "foundation_unicode",
 "governance",
 "histogram_fp",
 "http_env",
 "httpd",
 "inflation",
 "jurisdiction",
 "ledger",
 "light-client",
 "log_index",
 "p2p_overlay",
 "pqcrypto-dilithium",
 "privacy",
 "python_bridge",
 "rand",
 "runtime",
 "sled 0.34.0",
 "state",
 "static_assertions",
 "storage",
 "storage_engine",
 "sys",
 "tb-sim",
 "testkit",
 "tls_warning",
 "transport",
 "wallet",
]

[[package]]
name = "thiserror"
version = "0.0.1"

[[package]]
name = "tls_manifest_guard"
version = "0.1.0"
dependencies = [
 "foundation_serialization",
 "foundation_time",
]

[[package]]
name = "tls_warning"
version = "0.1.0"
dependencies = [
 "crypto_suite",
 "foundation_lazy",
 "foundation_serde",
 "foundation_serialization",
]

[[package]]
name = "tracing"
version = "0.1.41"
source = "registry+https://github.com/rust-lang/crates.io-index"
checksum = "784e0ac535deb450455cbfa28a6f0df145ea1bb7ae51b821cf5e7927fdcfbdd0"
dependencies = [
 "pin-project-lite",
 "tracing-attributes",
 "tracing-core",
]

[[package]]
name = "tracing-attributes"
version = "0.1.30"
source = "registry+https://github.com/rust-lang/crates.io-index"
checksum = "81383ab64e72a7a8b8e13130c49e3dab29def6d0c7d76a03087b3cf71c5c6903"
dependencies = [
 "proc-macro2",
 "quote",
 "syn",
]

[[package]]
name = "tracing-core"
version = "0.1.34"
source = "registry+https://github.com/rust-lang/crates.io-index"
checksum = "b9d12581f227e93f094d3af2ae690a574abb8a2b9b7a96e7cfe9647b2b617678"
dependencies = [
 "once_cell",
]

[[package]]
name = "transport"
version = "0.1.0"
dependencies = [
 "base64_fp",
 "concurrency",
 "crypto_suite",
 "diagnostics",
 "foundation_lazy",
 "foundation_serialization",
 "foundation_time",
 "foundation_tls",
 "rand",
 "runtime",
 "sys",
]

[[package]]
name = "unicode-ident"
version = "1.0.19"
source = "registry+https://github.com/rust-lang/crates.io-index"
checksum = "f63a545481291138910575129486daeaf8ac54aee4387fe7906919f7830c7d9d"

[[package]]
name = "vcpkg"
version = "0.2.15"
source = "registry+https://github.com/rust-lang/crates.io-index"
checksum = "accd4ea62f7bb7a82fe23066fb0957d48ef677f6eeb8215f372f52e48bb32426"

[[package]]
name = "version_check"
version = "0.9.5"
source = "registry+https://github.com/rust-lang/crates.io-index"
checksum = "0b928f33d975fc6ad9f86c8f283853ad26bdd5b10b7f1542aa2fa15e2289105a"

[[package]]
name = "wallet"
version = "0.1.0"
dependencies = [
 "base64_fp",
 "crypto_suite",
 "foundation_lazy",
 "foundation_metrics",
 "foundation_serde",
 "foundation_serialization",
 "foundation_time",
 "foundation_tls",
 "httpd",
 "ledger",
 "pqcrypto-dilithium",
 "rand",
 "runtime",
 "sys",
 "testkit",
 "thiserror",
 "tracing",
]

[[package]]
name = "wasi"
version = "0.14.7+wasi-0.2.4"
source = "registry+https://github.com/rust-lang/crates.io-index"
checksum = "883478de20367e224c0090af9cf5f9fa85bed63a95c1abf3afc5c083ebc06e8c"
dependencies = [
 "wasip2",
]

[[package]]
name = "wasip2"
version = "1.0.1+wasi-0.2.4"
source = "registry+https://github.com/rust-lang/crates.io-index"
checksum = "0562428422c63773dad2c345a1882263bbf4d65cf3f42e90921f787ef5ad58e7"
dependencies = [
 "wit-bindgen",
]

[[package]]
name = "winapi"
version = "0.3.9"
source = "registry+https://github.com/rust-lang/crates.io-index"
checksum = "5c839a674fcd7a98952e593242ea400abe93992746761e38641405d28b00f419"
dependencies = [
 "winapi-i686-pc-windows-gnu",
 "winapi-x86_64-pc-windows-gnu",
]

[[package]]
name = "winapi-i686-pc-windows-gnu"
version = "0.4.0"
source = "registry+https://github.com/rust-lang/crates.io-index"
checksum = "ac3b87c63620426dd9b991e5ce0329eff545bccbbb34f3be09ff6fb6ab51b7b6"

[[package]]
name = "winapi-x86_64-pc-windows-gnu"
version = "0.4.0"
source = "registry+https://github.com/rust-lang/crates.io-index"
checksum = "712e227841d057c1ee1cd2fb22fa7e5a5461ae8e48fa2ca79ec42cfc1931183f"

[[package]]
name = "windows-sys"
version = "0.52.0"
source = "registry+https://github.com/rust-lang/crates.io-index"
checksum = "282be5f36a8ce781fad8c8ae18fa3f9beff57ec1b52cb3de0789201425d9a33d"
dependencies = [
 "windows-targets",
]

[[package]]
name = "windows-targets"
version = "0.52.6"
source = "registry+https://github.com/rust-lang/crates.io-index"
checksum = "9b724f72796e036ab90c1021d4780d4d3d648aca59e491e6b98e725b84e99973"
dependencies = [
 "windows_aarch64_gnullvm",
 "windows_aarch64_msvc",
 "windows_i686_gnu",
 "windows_i686_gnullvm",
 "windows_i686_msvc",
 "windows_x86_64_gnu",
 "windows_x86_64_gnullvm",
 "windows_x86_64_msvc",
]

[[package]]
name = "windows_aarch64_gnullvm"
version = "0.52.6"
source = "registry+https://github.com/rust-lang/crates.io-index"
checksum = "32a4622180e7a0ec044bb555404c800bc9fd9ec262ec147edd5989ccd0c02cd3"

[[package]]
name = "windows_aarch64_msvc"
version = "0.52.6"
source = "registry+https://github.com/rust-lang/crates.io-index"
checksum = "09ec2a7bb152e2252b53fa7803150007879548bc709c039df7627cabbd05d469"

[[package]]
name = "windows_i686_gnu"
version = "0.52.6"
source = "registry+https://github.com/rust-lang/crates.io-index"
checksum = "8e9b5ad5ab802e97eb8e295ac6720e509ee4c243f69d781394014ebfe8bbfa0b"

[[package]]
name = "windows_i686_gnullvm"
version = "0.52.6"
source = "registry+https://github.com/rust-lang/crates.io-index"
checksum = "0eee52d38c090b3caa76c563b86c3a4bd71ef1a819287c19d586d7334ae8ed66"

[[package]]
name = "windows_i686_msvc"
version = "0.52.6"
source = "registry+https://github.com/rust-lang/crates.io-index"
checksum = "240948bc05c5e7c6dabba28bf89d89ffce3e303022809e73deaefe4f6ec56c66"

[[package]]
name = "windows_x86_64_gnu"
version = "0.52.6"
source = "registry+https://github.com/rust-lang/crates.io-index"
checksum = "147a5c80aabfbf0c7d901cb5895d1de30ef2907eb21fbbab29ca94c5b08b1a78"

[[package]]
name = "windows_x86_64_gnullvm"
version = "0.52.6"
source = "registry+https://github.com/rust-lang/crates.io-index"
checksum = "24d5b23dc417412679681396f2b49f3de8c1473deb516bd34410872eff51ed0d"

[[package]]
name = "windows_x86_64_msvc"
version = "0.52.6"
source = "registry+https://github.com/rust-lang/crates.io-index"
checksum = "589f6da84c646204747d1270a2a5661ea66ed1cced2631d546fdfb155959f9ec"

[[package]]
name = "wit-bindgen"
version = "0.46.0"
source = "registry+https://github.com/rust-lang/crates.io-index"
checksum = "f17a85883d4e6d00e8a97c586de764dabcc06133f7f1d55dce5cdc070ad7fe59"

[[package]]
name = "xtask"
version = "0.1.0"
dependencies = [
 "cli_core",
 "dependency_guard",
 "diagnostics",
 "foundation_serialization",
 "sys",
]

[[package]]
name = "zerocopy"
version = "0.8.27"
source = "registry+https://github.com/rust-lang/crates.io-index"
checksum = "0894878a5fa3edfd6da3f88c4805f4c8558e2b996227a3d864f47fe11e38282c"
dependencies = [
 "zerocopy-derive",
]

[[package]]
name = "zerocopy-derive"
version = "0.8.27"
source = "registry+https://github.com/rust-lang/crates.io-index"
checksum = "88d2b8d9c68ad2b9e4340d7832716a4d21a22a1154777ad56ea55c51a9cf3831"
dependencies = [
 "proc-macro2",
 "quote",
 "syn",
]
