# This file is automatically @generated by Cargo.
# It is not intended for manual editing.
version = 4

[[package]]
name = "ad_market"
version = "0.1.0"
dependencies = [
 "concurrency",
 "crypto_suite",
 "diagnostics",
 "foundation_metrics",
 "foundation_serde",
 "foundation_serialization",
 "rand",
 "sled",
 "sys",
 "testkit",
 "verifier_selection",
 "zkp",
]

[[package]]
name = "ai_diag"
version = "0.1.0"
dependencies = [
 "diagnostics",
]

[[package]]
name = "auto-profile"
version = "0.1.0"
dependencies = [
 "crypto_suite",
 "dependency_guard",
 "foundation_profiler",
]

[[package]]
name = "base64_fp"
version = "0.1.0"

[[package]]
name = "bench-harness"
version = "0.1.0"
dependencies = [
 "cli_core",
 "coding",
 "dependency_guard",
 "diagnostics",
 "foundation_serialization",
 "rand",
 "sys",
]

[[package]]
name = "bridge-types"
version = "0.1.0"
dependencies = [
 "crypto_suite",
 "foundation_serde",
 "foundation_serialization",
 "foundation_time",
]

[[package]]
name = "bridges"
version = "0.1.0"
dependencies = [
 "bridge-types",
 "concurrency",
 "crypto_suite",
 "dex",
 "foundation_serde",
 "foundation_serialization",
 "ledger",
 "runtime",
 "sys",
]

[[package]]
name = "cli_core"
version = "0.1.0"
dependencies = [
 "foundation_serde",
 "thiserror",
]

[[package]]
name = "codec"
version = "0.1.0"
dependencies = [
 "foundation_metrics",
 "foundation_serde",
 "foundation_serialization",
 "thiserror",
]

[[package]]
name = "coding"
version = "0.1.0"
dependencies = [
 "base64_fp",
 "crypto",
 "foundation_serde",
 "foundation_serialization",
 "rand",
 "sys",
 "thiserror",
]

[[package]]
name = "concurrency"
version = "0.1.0"
dependencies = [
 "foundation_serde",
]

[[package]]
name = "contract-cli"
version = "0.1.0"
dependencies = [
 "base64_fp",
 "bridges",
 "cli_core",
 "codec",
 "coding",
 "crypto",
 "crypto_suite",
 "dependency_guard",
 "dex",
 "diagnostics",
 "dkg",
 "explorer",
 "foundation_lazy",
 "foundation_serde",
 "foundation_serialization",
 "foundation_sqlite",
 "foundation_time",
 "foundation_tls",
 "foundation_tui",
 "foundation_unicode",
 "governance",
 "http_env",
 "httpd",
 "light-client",
 "log_index",
 "rand",
 "runtime",
 "state",
 "storage",
 "storage_market",
 "sys",
 "testkit",
 "the_block",
 "wallet",
]

[[package]]
name = "crypto"
version = "0.1.0"
dependencies = [
 "base64_fp",
 "crypto_suite",
 "pqcrypto-dilithium",
 "sys",
]

[[package]]
name = "crypto_suite"
version = "0.1.0"
dependencies = [
 "codec",
 "foundation_bigint",
 "foundation_lazy",
 "foundation_metrics",
 "foundation_serde",
 "foundation_serialization",
 "rand",
 "testkit",
 "thiserror",
]

[[package]]
name = "dependency_guard"
version = "0.1.0"

[[package]]
name = "dependency_registry"
version = "0.1.0"
dependencies = [
 "cli_core",
 "concurrency",
 "dependency_guard",
 "diagnostics",
 "foundation_serialization",
 "foundation_time",
 "runtime",
 "sys",
]

[[package]]
name = "dex"
version = "0.1.0"
dependencies = [
 "crypto_suite",
 "foundation_serde",
 "foundation_serialization",
 "testkit",
]

[[package]]
name = "diagnostics"
version = "0.1.0"
dependencies = [
 "codec",
]

[[package]]
name = "dkg"
version = "0.1.0"
dependencies = [
 "rand",
]

[[package]]
name = "dual-key-migrate"
version = "0.1.0"
dependencies = [
 "crypto",
 "dependency_guard",
 "foundation_serialization",
]

[[package]]
name = "energy-market"
version = "0.1.0"
dependencies = [
 "crypto_suite",
 "foundation_metrics",
 "foundation_serde",
 "foundation_serialization",
 "pqcrypto-dilithium",
 "rand",
 "thiserror",
]

[[package]]
name = "explorer"
version = "0.1.0"
dependencies = [
 "ad_market",
 "codec",
 "concurrency",
 "crypto_suite",
 "diagnostics",
 "foundation_serde",
 "foundation_serialization",
 "foundation_sqlite",
 "http_env",
 "httpd",
 "rand",
 "runtime",
 "storage",
 "sys",
 "testkit",
 "the_block",
]

[[package]]
name = "foundation_archive"
version = "0.1.0"

[[package]]
name = "foundation_async"
version = "0.1.0"

[[package]]
name = "foundation_bigint"
version = "0.1.0"
dependencies = [
 "foundation_math",
]

[[package]]
name = "foundation_fuzz"
version = "0.1.0"

[[package]]
name = "foundation_lazy"
version = "0.1.0"

[[package]]
name = "foundation_math"
version = "0.1.0"

[[package]]
name = "foundation_metrics"
version = "0.1.0"

[[package]]
name = "foundation_object_store"
version = "0.1.0"
dependencies = [
 "crypto_suite",
 "foundation_time",
 "httpd",
 "thiserror",
]

[[package]]
name = "foundation_profiler"
version = "0.1.0"

[[package]]
name = "foundation_qrcode"
version = "0.1.0"

[[package]]
name = "foundation_regex"
version = "0.1.0"

[[package]]
name = "foundation_rpc"
version = "0.1.0"
dependencies = [
 "foundation_serde",
 "foundation_serialization",
 "httpd",
 "thiserror",
]

[[package]]
name = "foundation_serde"
version = "0.1.0"
dependencies = [
 "foundation_serde_derive",
]

[[package]]
name = "foundation_serde_derive"
version = "0.1.0"

[[package]]
name = "foundation_serialization"
version = "0.1.0"
dependencies = [
 "foundation_serde",
 "foundation_serde_derive",
]

[[package]]
name = "foundation_sqlite"
version = "0.1.0"
dependencies = [
 "foundation_serialization",
]

[[package]]
name = "foundation_telemetry"
version = "0.1.0"
dependencies = [
 "foundation_serde",
 "foundation_serialization",
]

[[package]]
name = "foundation_time"
version = "0.1.0"

[[package]]
name = "foundation_tls"
version = "0.1.0"
dependencies = [
 "base64_fp",
 "crypto_suite",
 "foundation_time",
 "rand",
 "thiserror",
]

[[package]]
name = "foundation_tui"
version = "0.1.0"
dependencies = [
 "sys",
]

[[package]]
name = "foundation_unicode"
version = "0.1.0"

[[package]]
name = "foundation_windows"
version = "0.1.0"

[[package]]
name = "gateway-fuzz"
version = "0.0.0"
dependencies = [
 "the_block",
]

[[package]]
name = "gov-graph"
version = "0.1.0"
dependencies = [
 "dependency_guard",
 "foundation_serde",
 "foundation_serialization",
 "the_block",
]

[[package]]
name = "governance"
version = "0.1.0"
dependencies = [
 "bridge-types",
 "crypto_suite",
 "diagnostics",
 "foundation_lazy",
 "foundation_math",
 "foundation_serde",
 "foundation_serialization",
 "rand",
 "sled",
 "sys",
]

[[package]]
name = "histogram_fp"
version = "0.1.0"

[[package]]
name = "http_env"
version = "0.1.0"
dependencies = [
 "base64_fp",
 "crypto_suite",
 "diagnostics",
 "httpd",
 "rand",
]

[[package]]
name = "httpd"
version = "0.1.0"
dependencies = [
 "base64_fp",
 "crypto_suite",
 "diagnostics",
 "foundation_regex",
 "foundation_serialization",
 "foundation_tls",
 "rand",
 "runtime",
 "sys",
 "testkit",
]

[[package]]
name = "indexer"
version = "0.1.0"
dependencies = [
 "cli_core",
 "dependency_guard",
 "foundation_serialization",
 "foundation_sqlite",
 "http_env",
 "httpd",
 "runtime",
 "sys",
 "the_block",
]

[[package]]
name = "inflation"
version = "0.1.0"
dependencies = [
 "crypto_suite",
 "foundation_serde",
 "foundation_serialization",
 "rand",
]

[[package]]
name = "installer"
version = "0.1.0"
dependencies = [
 "cli_core",
 "crypto_suite",
 "dependency_guard",
 "diagnostics",
 "foundation_archive",
]

[[package]]
name = "jurisdiction"
version = "0.1.0"
dependencies = [
 "base64_fp",
 "crypto_suite",
 "diagnostics",
 "foundation_lazy",
 "foundation_serde",
 "foundation_serialization",
 "http_env",
 "httpd",
 "pqcrypto-kyber",
 "sys",
]

[[package]]
name = "ledger"
version = "0.1.0"
dependencies = [
 "cli_core",
 "crypto_suite",
 "foundation_serde",
 "foundation_serialization",
 "storage_engine",
]

[[package]]
name = "legacy_manifest"
version = "0.1.0"
dependencies = [
 "crypto_suite",
 "foundation_serialization",
 "storage_engine",
]

[[package]]
name = "light-client"
version = "0.1.0"
dependencies = [
 "coding",
 "crypto_suite",
 "diagnostics",
 "foundation_archive",
 "foundation_lazy",
 "foundation_serde",
 "foundation_serialization",
 "rand",
 "runtime",
 "state",
 "sys",
 "thiserror",
]

[[package]]
name = "log-indexer-cli"
version = "0.1.0"
dependencies = [
 "cli_core",
 "dependency_guard",
 "log_index",
]

[[package]]
name = "log_index"
version = "0.1.0"
dependencies = [
 "base64_fp",
 "coding",
 "crypto_suite",
 "foundation_serde",
 "foundation_serialization",
 "foundation_sqlite",
 "sled",
 "thiserror",
]

[[package]]
name = "metrics-aggregator"
version = "0.1.0"
dependencies = [
 "concurrency",
 "crypto_suite",
 "dependency_guard",
 "diagnostics",
 "foundation_metrics",
 "foundation_object_store",
 "foundation_serde",
 "foundation_serialization",
 "foundation_telemetry",
 "foundation_time",
 "governance",
 "http_env",
 "httpd",
 "monitoring-build",
 "rand",
 "runtime",
 "storage_engine",
 "sys",
 "the_block",
 "tls_warning",
]

[[package]]
name = "mock-energy-oracle"
version = "0.1.0"
dependencies = [
 "concurrency",
 "energy-market",
 "foundation_serde",
 "foundation_serialization",
 "httpd",
 "oracle-adapter",
 "runtime",
]

[[package]]
name = "monitoring-build"
version = "0.1.0"
dependencies = [
 "crypto_suite",
 "foundation_metrics",
 "foundation_serialization",
 "http_env",
 "httpd",
]

[[package]]
name = "net-fuzz"
version = "0.0.0"
dependencies = [
 "p2p_overlay",
]

[[package]]
name = "oracle-adapter"
version = "0.1.0"
dependencies = [
 "crypto_suite",
 "energy-market",
 "foundation_serde",
 "foundation_serialization",
 "thiserror",
]

[[package]]
name = "p2p_overlay"
version = "0.1.0"
dependencies = [
 "crypto_suite",
 "foundation_serde",
 "foundation_serialization",
 "sys",
]

[[package]]
name = "pqcrypto-dilithium"
version = "0.1.0"
dependencies = [
 "crypto_suite",
 "sys",
 "thiserror",
]

[[package]]
name = "pqcrypto-kyber"
version = "0.1.0"
dependencies = [
 "crypto_suite",
 "sys",
 "thiserror",
]

[[package]]
name = "privacy"
version = "0.1.0"
dependencies = [
 "crypto_suite",
]

[[package]]
name = "probe"
version = "0.1.0"
dependencies = [
 "cli_core",
 "foundation_serialization",
 "http_env",
 "httpd",
 "thiserror",
]

[[package]]
name = "provenance-verify"
version = "0.1.0"
dependencies = [
 "crypto_suite",
 "dependency_guard",
]

[[package]]
name = "python_bridge"
version = "0.1.0"
dependencies = [
 "python_bridge_macros",
]

[[package]]
name = "python_bridge_macros"
version = "0.1.0"

[[package]]
name = "rand"
version = "0.1.0"
dependencies = [
 "rand_core",
]

[[package]]
name = "rand_core"
version = "0.1.0"

[[package]]
name = "release_notes"
version = "0.1.0"
dependencies = [
 "cli_core",
 "dependency_guard",
 "diagnostics",
 "foundation_serialization",
]

[[package]]
name = "release_tests"
version = "0.1.0"
dependencies = [
 "dependency_guard",
 "foundation_serialization",
 "sys",
]

[[package]]
name = "remote-signer"
version = "0.1.0"
dependencies = [
 "cli_core",
 "dependency_guard",
 "foundation_qrcode",
 "foundation_serialization",
 "wallet",
]

[[package]]
name = "runtime"
version = "0.1.0"
dependencies = [
 "base64_fp",
 "concurrency",
 "crypto_suite",
 "foundation_async",
 "foundation_metrics",
 "rand",
 "sys",
]

[[package]]
name = "sled"
version = "0.34.0"
dependencies = [
 "crypto_suite",
 "foundation_lazy",
 "foundation_serialization",
 "runtime",
 "storage_engine",
 "sys",
 "thiserror",
]

[[package]]
name = "state"
version = "0.1.0"
dependencies = [
 "crypto_suite",
 "dependency_guard",
 "storage_engine",
 "sys",
 "thiserror",
]

[[package]]
name = "storage"
version = "0.1.0"
dependencies = [
 "coding",
 "crypto_suite",
 "foundation_serde",
 "foundation_serialization",
 "storage_market",
 "sys",
 "the_block",
 "thiserror",
]

[[package]]
name = "storage_engine"
version = "0.1.0"
dependencies = [
 "base64_fp",
 "dependency_guard",
]

[[package]]
name = "storage_market"
version = "0.1.0"
dependencies = [
 "crypto_suite",
 "foundation_serde",
 "foundation_serialization",
 "storage",
 "storage_engine",
 "sys",
 "thiserror",
]

[[package]]
name = "storage_migrate"
version = "0.1.0"
dependencies = [
 "crypto_suite",
 "dependency_guard",
 "storage_engine",
]

[[package]]
name = "sys"
version = "0.1.0"
dependencies = [
 "crypto_suite",
 "foundation_windows",
]

[[package]]
name = "tb-debugger"
version = "0.1.0"
dependencies = [
 "cli_core",
 "crypto_suite",
 "dependency_guard",
 "the_block",
]

[[package]]
name = "tb-sim"
version = "0.1.0"
dependencies = [
 "cli_core",
 "codec",
 "coding",
 "crypto_suite",
 "dex",
 "diagnostics",
 "dkg",
 "explorer",
 "foundation_lazy",
 "foundation_object_store",
 "foundation_serde",
 "foundation_serialization",
 "foundation_time",
 "http_env",
 "httpd",
 "ledger",
 "light-client",
 "monitoring-build",
 "p2p_overlay",
 "rand",
 "runtime",
 "storage_engine",
 "sys",
 "the_block",
 "thiserror",
 "transport",
]

[[package]]
name = "testkit"
version = "0.1.0"
dependencies = [
 "testkit_macros",
]

[[package]]
name = "testkit_macros"
version = "0.1.0"

[[package]]
name = "the-block-fuzz"
version = "0.0.0"
dependencies = [
 "crypto_suite",
 "foundation_fuzz",
 "foundation_rpc",
 "foundation_serialization",
 "sys",
 "the_block",
]

[[package]]
name = "the_block"
version = "0.1.0"
dependencies = [
 "ad_market",
 "base64_fp",
 "bridge-types",
 "bridges",
 "cli_core",
 "codec",
 "coding",
 "concurrency",
 "crypto",
 "crypto_suite",
 "dependency_guard",
 "dex",
 "diagnostics",
 "dkg",
 "energy-market",
 "foundation_archive",
 "foundation_bigint",
 "foundation_math",
 "foundation_metrics",
 "foundation_profiler",
 "foundation_regex",
 "foundation_rpc",
 "foundation_serde",
 "foundation_serialization",
 "foundation_sqlite",
 "foundation_telemetry",
 "foundation_time",
 "foundation_tls",
 "foundation_tui",
 "foundation_unicode",
 "governance",
 "histogram_fp",
 "http_env",
 "httpd",
 "inflation",
 "jurisdiction",
 "ledger",
 "light-client",
 "log_index",
 "oracle-adapter",
 "p2p_overlay",
 "pqcrypto-dilithium",
 "privacy",
 "python_bridge",
 "rand",
 "runtime",
 "sled",
 "state",
 "storage",
 "storage_engine",
 "storage_market",
 "sys",
 "testkit",
 "thiserror",
 "tls_warning",
 "transport",
 "verifier_selection",
 "wallet",
 "zkp",
]

[[package]]
name = "thiserror"
version = "0.0.1"

[[package]]
name = "tls_warning"
version = "0.1.0"
dependencies = [
 "crypto_suite",
 "foundation_lazy",
 "foundation_serde",
 "foundation_serialization",
]

[[package]]
name = "transport"
version = "0.1.0"
dependencies = [
 "base64_fp",
 "concurrency",
 "crypto_suite",
 "diagnostics",
 "foundation_lazy",
 "foundation_serialization",
 "foundation_time",
 "foundation_tls",
 "rand",
 "runtime",
 "sys",
]

[[package]]
name = "verifier_selection"
version = "0.1.0"
dependencies = [
 "crypto_suite",
 "foundation_metrics",
 "foundation_serde",
 "foundation_serialization",
 "rand",
 "thiserror",
]

[[package]]
name = "wallet"
version = "0.1.0"
dependencies = [
 "base64_fp",
 "crypto_suite",
 "diagnostics",
 "foundation_lazy",
 "foundation_metrics",
 "foundation_serde",
 "foundation_serialization",
 "foundation_time",
 "foundation_tls",
 "httpd",
 "ledger",
 "pqcrypto-dilithium",
 "rand",
 "runtime",
 "sys",
 "testkit",
 "thiserror",
]

[[package]]
name = "xtask"
version = "0.1.0"
dependencies = [
 "cli_core",
 "crypto_suite",
 "dependency_guard",
 "diagnostics",
 "foundation_serialization",
 "monitoring-build",
 "sys",
]

[[package]]
name = "zkp"
version = "0.1.0"
dependencies = [
 "base64_fp",
 "crypto_suite",
 "foundation_lazy",
 "foundation_serde",
 "foundation_serialization",
]
