# This file is automatically @generated by Cargo.
# It is not intended for manual editing.
version = 4

[[package]]
name = "base64_fp"
version = "0.1.0"

[[package]]
name = "codec"
version = "0.1.0"
dependencies = [
 "foundation_serde",
 "foundation_serialization",
 "thiserror",
]

[[package]]
name = "concurrency"
version = "0.1.0"

[[package]]
name = "crypto_suite"
version = "0.1.0"
dependencies = [
 "codec",
 "foundation_bigint",
 "foundation_lazy",
 "foundation_serde",
 "foundation_serialization",
 "rand",
 "thiserror",
]

[[package]]
name = "diagnostics"
version = "0.1.0"
dependencies = [
 "codec",
]

[[package]]
name = "foundation_async"
version = "0.1.0"

[[package]]
name = "foundation_bigint"
version = "0.1.0"

[[package]]
name = "foundation_lazy"
version = "0.1.0"

[[package]]
name = "foundation_metrics"
version = "0.1.0"

[[package]]
name = "foundation_regex"
version = "0.1.0"

[[package]]
name = "foundation_serde"
version = "0.1.0"
dependencies = [
 "foundation_serde_derive",
]

[[package]]
name = "foundation_serde_derive"
version = "0.1.0"

[[package]]
name = "foundation_serialization"
version = "0.1.0"
dependencies = [
 "foundation_serde",
]

[[package]]
name = "foundation_time"
version = "0.1.0"

[[package]]
name = "foundation_tls"
version = "0.1.0"
dependencies = [
 "base64_fp",
 "crypto_suite",
 "foundation_time",
 "rand",
 "thiserror",
]

[[package]]
name = "foundation_windows"
version = "0.1.0"

[[package]]
name = "http_env"
version = "0.1.0"
dependencies = [
 "diagnostics",
 "httpd",
]

[[package]]
name = "httpd"
version = "0.1.0"
dependencies = [
 "base64_fp",
 "crypto_suite",
 "diagnostics",
 "foundation_regex",
 "foundation_serialization",
 "foundation_tls",
 "rand",
 "runtime",
]

[[package]]
name = "monitoring-build"
version = "0.1.0"
dependencies = [
 "foundation_metrics",
 "foundation_serialization",
 "http_env",
 "httpd",
]

[[package]]
name = "rand"
version = "0.1.0"
dependencies = [
 "rand_core",
]

[[package]]
name = "rand_core"
version = "0.1.0"

[[package]]
name = "runtime"
version = "0.1.0"
dependencies = [
 "base64_fp",
 "concurrency",
 "crypto_suite",
 "foundation_async",
 "foundation_metrics",
 "rand",
 "sys",
]

[[package]]
name = "sys"
version = "0.1.0"
dependencies = [
 "crypto_suite",
 "foundation_windows",
]

[[package]]
name = "thiserror"
version = "0.0.1"
