{
  "name": "the-block-monitoring",
  "lockfileVersion": 3,
  "requires": true,
  "packages": {
    "": {
      "name": "the-block-monitoring",
      "devDependencies": {
        "@grafana/jsonnet-lint": "file:tools/jsonnet-lint"
      }
    },
    "tools/jsonnet-lint": {
      "name": "@grafana/jsonnet-lint",
      "version": "0.1.0",
      "dev": true,
      "bin": {
        "jsonnet-lint": "index.js"
      }
    },
    "node_modules/@grafana/jsonnet-lint": {
      "resolved": "tools/jsonnet-lint",
      "link": true
    }
  }
}
