# This file is automatically @generated by Cargo.
# It is not intended for manual editing.
version = 4

[[package]]
name = "app"
version = "0.1.0"
dependencies = [
 "dep_a",
 "dep_b",
]

[[package]]
name = "deep_dep"
version = "0.1.0"

[[package]]
name = "dep_a"
version = "0.1.0"
dependencies = [
 "deep_dep",
]

[[package]]
name = "dep_b"
version = "0.1.0"

[[package]]
name = "libp2p"
version = "0.0.1"

[[package]]
name = "node"
version = "0.1.0"
dependencies = [
 "libp2p",
]
